
Microsoft Visual Studio Solution File, Format Version 12.00
# Visual Studio Version 16
VisualStudioVersion = 16.0.30309.148
MinimumVisualStudioVersion = 10.0.40219.1
Project("{FAE04EC0-301F-11D3-BF4B-00C04F79EFBC}") = "KubernetesSample", "KubernetesSample.csproj", "{3B2A4219-5854-4278-B4EC-92005C458C0B}"
EndProject
Global
	GlobalSection(SolutionConfigurationPlatforms) = preSolution
		Debug|Any CPU = Debug|Any CPU
		Release|Any CPU = Release|Any CPU
	EndGlobalSection
	GlobalSection(ProjectConfigurationPlatforms) = postSolution
		{3B2A4219-5854-4278-B4EC-92005C458C0B}.Debug|Any CPU.ActiveCfg = Debug|Any CPU
		{3B2A4219-5854-4278-B4EC-92005C458C0B}.Debug|Any CPU.Build.0 = Debug|Any CPU
		{3B2A4219-5854-4278-B4EC-92005C458C0B}.Release|Any CPU.ActiveCfg = Release|Any CPU
		{3B2A4219-5854-4278-B4EC-92005C458C0B}.Release|Any CPU.Build.0 = Release|Any CPU
	EndGlobalSection
	GlobalSection(SolutionProperties) = preSolution
		HideSolutionNode = FALSE
	EndGlobalSection
	GlobalSection(ExtensibilityGlobals) = postSolution
		SolutionGuid = {50C35AC9-1C09-4B67-969A-9E0E32152794}
	EndGlobalSection
EndGlobal
